
Microsoft Visual Studio Solution File, Format Version 12.00
# Visual Studio Version 17
VisualStudioVersion = 17.1.32210.238
MinimumVisualStudioVersion = 10.0.40219.1
Project("{FAE04EC0-301F-11D3-BF4B-00C04F79EFBC}") = "PasswordManager", "PasswordManager.csproj", "{2DCB3498-DE73-4E79-AB88-CFDAE67A1BBD}"
EndProject
Project("{2150E333-8FDC-42A3-9474-1A3956D46DE8}") = "Solution Items", "Solution Items", "{5681C01E-03FE-4B6A-A8A7-C5DA7BC5EE29}"
	ProjectSection(SolutionItems) = preProject
		.editorconfig = .editorconfig
	EndProjectSection
EndProject
Project("{54435603-DBB4-11D2-8724-00A0C9A8B90C}") = "PasswordManagerSetup", "PasswordManagerSetup.vdproj", "{F187CB47-B1AF-401C-A8EA-21CF14C7468E}"
EndProject
Global
	GlobalSection(SolutionConfigurationPlatforms) = preSolution
		Debug|Any CPU = Debug|Any CPU
		Release|Any CPU = Release|Any CPU
	EndGlobalSection
	GlobalSection(ProjectConfigurationPlatforms) = postSolution
		{2DCB3498-DE73-4E79-AB88-CFDAE67A1BBD}.Debug|Any CPU.ActiveCfg = Debug|Any CPU
		{2DCB3498-DE73-4E79-AB88-CFDAE67A1BBD}.Debug|Any CPU.Build.0 = Debug|Any CPU
		{2DCB3498-DE73-4E79-AB88-CFDAE67A1BBD}.Release|Any CPU.ActiveCfg = Release|Any CPU
		{2DCB3498-DE73-4E79-AB88-CFDAE67A1BBD}.Release|Any CPU.Build.0 = Release|Any CPU
		{F187CB47-B1AF-401C-A8EA-21CF14C7468E}.Debug|Any CPU.ActiveCfg = Debug
		{F187CB47-B1AF-401C-A8EA-21CF14C7468E}.Release|Any CPU.ActiveCfg = Release
	EndGlobalSection
	GlobalSection(SolutionProperties) = preSolution
		HideSolutionNode = FALSE
	EndGlobalSection
	GlobalSection(ExtensibilityGlobals) = postSolution
		SolutionGuid = {1BBE2E2C-7A61-48C3-8C04-1BD6EB912124}
	EndGlobalSection
EndGlobal
